
Microsoft Visual Studio Solution File, Format Version 11.00
# Visual Studio 2010
Project("{FAE04EC0-301F-11D3-BF4B-00C04F79EFBC}") = "School", "School\School.csproj", "{439AA1A5-8FEB-4A56-8BD9-1A51AE2F3CE2}"
EndProject
Global
	GlobalSection(SolutionConfigurationPlatforms) = preSolution
		Debug|x86 = Debug|x86
		Release|x86 = Release|x86
	EndGlobalSection
	GlobalSection(ProjectConfigurationPlatforms) = postSolution
		{439AA1A5-8FEB-4A56-8BD9-1A51AE2F3CE2}.Debug|x86.ActiveCfg = Debug|x86
		{439AA1A5-8FEB-4A56-8BD9-1A51AE2F3CE2}.Debug|x86.Build.0 = Debug|x86
		{439AA1A5-8FEB-4A56-8BD9-1A51AE2F3CE2}.Release|x86.ActiveCfg = Release|x86
		{439AA1A5-8FEB-4A56-8BD9-1A51AE2F3CE2}.Release|x86.Build.0 = Release|x86
	EndGlobalSection
	GlobalSection(SolutionProperties) = preSolution
		HideSolutionNode = FALSE
	EndGlobalSection
EndGlobal
